{
  "name": "starter",
  "version": "0.1.0",
  "lockfileVersion": 1,
  "requires": true,
  "dependencies": {
    "yarn": {
      "version": "1.22.18",
      "resolved": "https://artifactory.g.devqa.gcp.dev.paypalinc.com/artifactory/api/npm/npm-all/yarn/-/yarn-1.22.18.tgz",
      "integrity": "sha1-BbgirejGcph7q4hYY1FF2ghQ94o="
    }
  }
}
